
Microsoft Visual Studio Solution File, Format Version 12.00
# Visual Studio 15
VisualStudioVersion = 15.0.26430.16
MinimumVisualStudioVersion = 10.0.40219.1
Project("{888888A0-9F3D-457C-B088-3A5042F75D52}") = "WA_test_1", "WA_test_1\WA_test_1.pyproj", "{7790A87A-42BA-4494-ACA6-BDE94A7F3ECB}"
EndProject
Global
	GlobalSection(SolutionConfigurationPlatforms) = preSolution
		Debug|Any CPU = Debug|Any CPU
		Release|Any CPU = Release|Any CPU
	EndGlobalSection
	GlobalSection(ProjectConfigurationPlatforms) = postSolution
		{7790A87A-42BA-4494-ACA6-BDE94A7F3ECB}.Debug|Any CPU.ActiveCfg = Debug|Any CPU
		{7790A87A-42BA-4494-ACA6-BDE94A7F3ECB}.Release|Any CPU.ActiveCfg = Release|Any CPU
	EndGlobalSection
	GlobalSection(SolutionProperties) = preSolution
		HideSolutionNode = FALSE
	EndGlobalSection
EndGlobal
